SCHEMA=proof-forge.host-bootstrap-linux.v1
PROFILE_ID=linux-x86_64-mint223-eligible
HOST_LOCK_SHA256=5693c81ff239be90c903e5597011d918d30db6a16ad99777c4e02e89d26aaf45
TOOL_LOCK_SHA256=559faa574083ef089e89dc3d9870b279ba99424524c0b403a2af120b8d92fcda
LAUNCHER_SHA256=e21dccc314ddc5efc9da2a40586901cbb3e124f92c30ae0133c83b96635a5ef6
VERIFIER_SHA256=82cff4eac5a7beb49e3ff4a83621a88f4a95b288665c457f95d647425ad462b6
OPENSSL_PATH=/usr/bin/openssl
OPENSSL_SHA256=2ffb137d909db5deccfde594ab8706ab391d54e30ff3fd4efb910f3839157e05
OPENSSL_KAT_INPUT=abc
OPENSSL_KAT_SHA256=ba7816bf8f01cfea414140de5dae2223b00361a396177a9cb410ff61f20015ad
ENV_PATH=/usr/bin/env
ENV_SHA256=0aefff8f912fb75716c5d4de3b6acde93edbe8fa280fc8ee895c1226d3e373ef
BASH_PATH=/usr/bin/bash
BASH_SHA256=bc5945feb8bd26203ebfafea5ce1878bb2e32cb8fb50ab7ae395cfb1e1aaaef1
SLEEP_PATH=/usr/bin/sleep
SLEEP_SHA256=a65efec857cfac0d4f43fc53affa73794ff1d1fdcb547931d4b92a98bda8e646
RM_PATH=/usr/bin/rm
RM_SHA256=aedf2ef491e1ca4ea2682b88a031f7c3960ebb133677a339743e859fa3d3d8b5
PYTHON_PATH=/usr/bin/python3.12
PYTHON_SHA256=1643dacd9feaedc58f3cc581e4d22577dfe25c09b10282936186ccf0f2e61118
GIT_PATH=/usr/bin/git
GIT_SHA256=2a8c18fbf43da9f692d75474c72bea9dfd796c260b0f3dfe456376abc3bbd668
END
