SCHEMA=proof-forge.host-bootstrap-linux.v1
PROFILE_ID=linux-x86_64-mint223-development
HOST_LOCK_SHA256=4669f39b8ba4d4f2ef801ca30240a08c5220ebda2f5202934441147c6bd3be76
TOOL_LOCK_SHA256=559faa574083ef089e89dc3d9870b279ba99424524c0b403a2af120b8d92fcda
LAUNCHER_SHA256=e21dccc314ddc5efc9da2a40586901cbb3e124f92c30ae0133c83b96635a5ef6
VERIFIER_SHA256=597181dd90e1ea548cb43eed259a64e9792c47661c0a682ff573718dcafadbcf
OPENSSL_PATH=/usr/bin/openssl
OPENSSL_SHA256=018dad9ce0561ba839b66c735b8c5e72a02d444a8057330112d6c333ee1c5acc
OPENSSL_KAT_INPUT=abc
OPENSSL_KAT_SHA256=ba7816bf8f01cfea414140de5dae2223b00361a396177a9cb410ff61f20015ad
ENV_PATH=/usr/bin/env
ENV_SHA256=0aefff8f912fb75716c5d4de3b6acde93edbe8fa280fc8ee895c1226d3e373ef
BASH_PATH=/usr/bin/bash
BASH_SHA256=bc5945feb8bd26203ebfafea5ce1878bb2e32cb8fb50ab7ae395cfb1e1aaaef1
SLEEP_PATH=/usr/bin/sleep
SLEEP_SHA256=a65efec857cfac0d4f43fc53affa73794ff1d1fdcb547931d4b92a98bda8e646
RM_PATH=/usr/bin/rm
RM_SHA256=aedf2ef491e1ca4ea2682b88a031f7c3960ebb133677a339743e859fa3d3d8b5
PYTHON_PATH=/usr/bin/python3.12
PYTHON_SHA256=e1efa562c2cc2e35521a5c9c9b9939921001ff8ca9708a13ef15ace68cc2ccd7
GIT_PATH=/usr/bin/git
GIT_SHA256=2a8c18fbf43da9f692d75474c72bea9dfd796c260b0f3dfe456376abc3bbd668
END
